
Microsoft Visual Studio Solution File, Format Version 12.00
# Visual Studio Version 17
VisualStudioVersion = 17.4.33110.190
MinimumVisualStudioVersion = 10.0.40219.1
Project("{FAE04EC0-301F-11D3-BF4B-00C04F79EFBC}") = "SnakeLadder", "SnakeLadder.csproj", "{7928CC73-0FD4-4D7D-BEF8-E2DA54886E46}"
EndProject
Global
	GlobalSection(SolutionConfigurationPlatforms) = preSolution
		Debug|Any CPU = Debug|Any CPU
		Release|Any CPU = Release|Any CPU
	EndGlobalSection
	GlobalSection(ProjectConfigurationPlatforms) = postSolution
		{7928CC73-0FD4-4D7D-BEF8-E2DA54886E46}.Debug|Any CPU.ActiveCfg = Debug|Any CPU
		{7928CC73-0FD4-4D7D-BEF8-E2DA54886E46}.Debug|Any CPU.Build.0 = Debug|Any CPU
		{7928CC73-0FD4-4D7D-BEF8-E2DA54886E46}.Release|Any CPU.ActiveCfg = Release|Any CPU
		{7928CC73-0FD4-4D7D-BEF8-E2DA54886E46}.Release|Any CPU.Build.0 = Release|Any CPU
	EndGlobalSection
	GlobalSection(SolutionProperties) = preSolution
		HideSolutionNode = FALSE
	EndGlobalSection
	GlobalSection(ExtensibilityGlobals) = postSolution
		SolutionGuid = {12C77931-D512-48F1-8082-DEAAC4551AF8}
	EndGlobalSection
EndGlobal
