
Microsoft Visual Studio Solution File, Format Version 12.00
# Visual Studio Version 17
VisualStudioVersion = 17.4.33110.190
MinimumVisualStudioVersion = 10.0.40219.1
Project("{FAE04EC0-301F-11D3-BF4B-00C04F79EFBC}") = "DiceRollCount", "DiceRollCount.csproj", "{9450EA84-2DF6-46C8-834D-107E1774CDC9}"
EndProject
Global
	GlobalSection(SolutionConfigurationPlatforms) = preSolution
		Debug|Any CPU = Debug|Any CPU
		Release|Any CPU = Release|Any CPU
	EndGlobalSection
	GlobalSection(ProjectConfigurationPlatforms) = postSolution
		{9450EA84-2DF6-46C8-834D-107E1774CDC9}.Debug|Any CPU.ActiveCfg = Debug|Any CPU
		{9450EA84-2DF6-46C8-834D-107E1774CDC9}.Debug|Any CPU.Build.0 = Debug|Any CPU
		{9450EA84-2DF6-46C8-834D-107E1774CDC9}.Release|Any CPU.ActiveCfg = Release|Any CPU
		{9450EA84-2DF6-46C8-834D-107E1774CDC9}.Release|Any CPU.Build.0 = Release|Any CPU
	EndGlobalSection
	GlobalSection(SolutionProperties) = preSolution
		HideSolutionNode = FALSE
	EndGlobalSection
	GlobalSection(ExtensibilityGlobals) = postSolution
		SolutionGuid = {01224773-E264-49AC-9A8E-9884145C15C0}
	EndGlobalSection
EndGlobal
