
Microsoft Visual Studio Solution File, Format Version 12.00
# Visual Studio Version 17
VisualStudioVersion = 17.4.33110.190
MinimumVisualStudioVersion = 10.0.40219.1
Project("{FAE04EC0-301F-11D3-BF4B-00C04F79EFBC}") = "ExactWinningPosition", "ExactWinningPosition.csproj", "{AA0C146D-97C8-4773-A41D-0E95D15D6BF7}"
EndProject
Global
	GlobalSection(SolutionConfigurationPlatforms) = preSolution
		Debug|Any CPU = Debug|Any CPU
		Release|Any CPU = Release|Any CPU
	EndGlobalSection
	GlobalSection(ProjectConfigurationPlatforms) = postSolution
		{AA0C146D-97C8-4773-A41D-0E95D15D6BF7}.Debug|Any CPU.ActiveCfg = Debug|Any CPU
		{AA0C146D-97C8-4773-A41D-0E95D15D6BF7}.Debug|Any CPU.Build.0 = Debug|Any CPU
		{AA0C146D-97C8-4773-A41D-0E95D15D6BF7}.Release|Any CPU.ActiveCfg = Release|Any CPU
		{AA0C146D-97C8-4773-A41D-0E95D15D6BF7}.Release|Any CPU.Build.0 = Release|Any CPU
	EndGlobalSection
	GlobalSection(SolutionProperties) = preSolution
		HideSolutionNode = FALSE
	EndGlobalSection
	GlobalSection(ExtensibilityGlobals) = postSolution
		SolutionGuid = {DBF5FA1C-79D6-49F8-8E42-8375F4D9F43F}
	EndGlobalSection
EndGlobal
