
Microsoft Visual Studio Solution File, Format Version 12.00
# Visual Studio Version 17
VisualStudioVersion = 17.4.33110.190
MinimumVisualStudioVersion = 10.0.40219.1
Project("{FAE04EC0-301F-11D3-BF4B-00C04F79EFBC}") = "PlayerWinningPosition", "PlayerWinningPosition.csproj", "{EA69FCC7-94EA-4CF1-98F6-3D99CE015B5C}"
EndProject
Global
	GlobalSection(SolutionConfigurationPlatforms) = preSolution
		Debug|Any CPU = Debug|Any CPU
		Release|Any CPU = Release|Any CPU
	EndGlobalSection
	GlobalSection(ProjectConfigurationPlatforms) = postSolution
		{EA69FCC7-94EA-4CF1-98F6-3D99CE015B5C}.Debug|Any CPU.ActiveCfg = Debug|Any CPU
		{EA69FCC7-94EA-4CF1-98F6-3D99CE015B5C}.Debug|Any CPU.Build.0 = Debug|Any CPU
		{EA69FCC7-94EA-4CF1-98F6-3D99CE015B5C}.Release|Any CPU.ActiveCfg = Release|Any CPU
		{EA69FCC7-94EA-4CF1-98F6-3D99CE015B5C}.Release|Any CPU.Build.0 = Release|Any CPU
	EndGlobalSection
	GlobalSection(SolutionProperties) = preSolution
		HideSolutionNode = FALSE
	EndGlobalSection
	GlobalSection(ExtensibilityGlobals) = postSolution
		SolutionGuid = {37A9C78E-BEE7-464C-AC21-748BFA1C92CA}
	EndGlobalSection
EndGlobal
